
Microsoft Visual Studio Solution File, Format Version 12.00
# Visual Studio 15
VisualStudioVersion = 15.0.28307.852
MinimumVisualStudioVersion = 10.0.40219.1
Project("{FAE04EC0-301F-11D3-BF4B-00C04F79EFBC}") = "VidMVC", "VidMVC\VidMVC.csproj", "{8E24A93B-B3C2-4F46-94E2-EFABAC93CBD0}"
EndProject
Global
	GlobalSection(SolutionConfigurationPlatforms) = preSolution
		Debug|Any CPU = Debug|Any CPU
		Release|Any CPU = Release|Any CPU
	EndGlobalSection
	GlobalSection(ProjectConfigurationPlatforms) = postSolution
		{8E24A93B-B3C2-4F46-94E2-EFABAC93CBD0}.Debug|Any CPU.ActiveCfg = Debug|Any CPU
		{8E24A93B-B3C2-4F46-94E2-EFABAC93CBD0}.Debug|Any CPU.Build.0 = Debug|Any CPU
		{8E24A93B-B3C2-4F46-94E2-EFABAC93CBD0}.Release|Any CPU.ActiveCfg = Release|Any CPU
		{8E24A93B-B3C2-4F46-94E2-EFABAC93CBD0}.Release|Any CPU.Build.0 = Release|Any CPU
	EndGlobalSection
	GlobalSection(SolutionProperties) = preSolution
		HideSolutionNode = FALSE
	EndGlobalSection
	GlobalSection(ExtensibilityGlobals) = postSolution
		SolutionGuid = {8F004194-FDC3-480A-9A6B-048AFC9A4311}
	EndGlobalSection
EndGlobal
